
Microsoft Visual Studio Solution File, Format Version 12.00
# Visual Studio Version 16
VisualStudioVersion = 16.0.31424.327
MinimumVisualStudioVersion = 10.0.40219.1
Project("{9A19103F-16F7-4668-BE54-9A1E7A4F7556}") = "P15程序练习1", "程序练习1\P15程序练习1.csproj", "{454F8681-6C84-4CCC-90A6-D41598461ACE}"
EndProject
Project("{9A19103F-16F7-4668-BE54-9A1E7A4F7556}") = "P15程序练习2", "程序练习2\P15程序练习2.csproj", "{C57237F4-7148-4D1B-BD4F-23FA0C127F45}"
EndProject
Project("{9A19103F-16F7-4668-BE54-9A1E7A4F7556}") = "P16_练习题1", "P16_练习题1\P16_练习题1.csproj", "{8B8D06DB-20A6-4B34-97B9-0753C7E61D34}"
EndProject
Project("{9A19103F-16F7-4668-BE54-9A1E7A4F7556}") = "P19练习2", "P19练习2\P19练习2.csproj", "{504A936E-4732-452A-BFA2-6829A57AAB5B}"
EndProject
Project("{9A19103F-16F7-4668-BE54-9A1E7A4F7556}") = "P22练习3", "P22练习3\P22练习3.csproj", "{348312A2-A841-44E7-8CD3-3CA66B1449A8}"
EndProject
Project("{FAE04EC0-301F-11D3-BF4B-00C04F79EFBC}") = "P29练习1", "P29练习1\P29练习1.csproj", "{131F6EFF-8601-4ACA-9C97-D839FAB680F2}"
EndProject
Project("{FAE04EC0-301F-11D3-BF4B-00C04F79EFBC}") = "P31练习1", "P31练习1\P31练习1.csproj", "{1C2E4216-C960-4597-B4E5-6ABCFB12B9C1}"
EndProject
Project("{FAE04EC0-301F-11D3-BF4B-00C04F79EFBC}") = "P31练习2", "P31练习2\P31练习2.csproj", "{8E0C3FA5-55B8-4AD8-933C-7824D43C0780}"
EndProject
Project("{FAE04EC0-301F-11D3-BF4B-00C04F79EFBC}") = "P31练习3逻辑运算符与或非", "P31练习3逻辑运算符与或非\P31练习3逻辑运算符与或非.csproj", "{0773A8E5-77C7-4A79-9A71-E07DCADDEDB9}"
EndProject
Project("{FAE04EC0-301F-11D3-BF4B-00C04F79EFBC}") = "p33if_else结构练习", "p33if_else结构练习\p33if_else结构练习.csproj", "{83F054C7-135E-407E-9AB9-A319F2CC06F9}"
EndProject
Project("{FAE04EC0-301F-11D3-BF4B-00C04F79EFBC}") = "P35练习1", "P35练习1\P35练习1.csproj", "{AD3A320E-E46C-4019-B757-E96B0FA07702}"
EndProject
Project("{FAE04EC0-301F-11D3-BF4B-00C04F79EFBC}") = "P39SwitchCase练习", "P39SwitchCase练习\P39SwitchCase练习.csproj", "{DABAAD78-537B-4F89-946D-4E31AC9BBF22}"
EndProject
Project("{FAE04EC0-301F-11D3-BF4B-00C04F79EFBC}") = "P43while循环练习1", "P43while循环练习1\P43while循环练习1.csproj", "{C282CB64-36B5-4076-B67E-B30572E58D7B}"
EndProject
Project("{FAE04EC0-301F-11D3-BF4B-00C04F79EFBC}") = "P65枚举的类型", "P65枚举的类型\P65枚举的类型.csproj", "{BDF260A4-E51C-4740-9CB2-4102B0E54692}"
EndProject
Project("{FAE04EC0-301F-11D3-BF4B-00C04F79EFBC}") = "P66枚举转换成int和字符串类型练习", "P66枚举转换成int和字符串类型练习\P66枚举转换成int和字符串类型练习.csproj", "{01564960-516B-4252-AAD8-2952938A2160}"
EndProject
Project("{FAE04EC0-301F-11D3-BF4B-00C04F79EFBC}") = "P67结构练习", "P67结构练习\P67结构练习.csproj", "{06D978D3-D7AC-4615-8CD4-BCA19AF80B40}"
EndProject
Project("{FAE04EC0-301F-11D3-BF4B-00C04F79EFBC}") = "P69数组的练习1", "P69数组的练习1\P69数组的练习1.csproj", "{252FD8E2-74EA-455F-A6B9-6E06840F4A2B}"
EndProject
Project("{FAE04EC0-301F-11D3-BF4B-00C04F79EFBC}") = "P69数组练习2", "P69数组练习2\P69数组练习2.csproj", "{0DF02FBA-6AEB-4B1C-9B56-289B5E56AED3}"
EndProject
Project("{FAE04EC0-301F-11D3-BF4B-00C04F79EFBC}") = "P70数组的练习3", "P70数组的练习3\P70数组的练习3.csproj", "{EC3FBF55-7A5F-4C6F-81DC-8F051FD0E049}"
EndProject
Project("{FAE04EC0-301F-11D3-BF4B-00C04F79EFBC}") = "P72方法的简单练习", "P72方法的简单练习\P72方法的简单练习.csproj", "{7409C58E-40AA-489D-9DF1-48DB98F53024}"
EndProject
Project("{FAE04EC0-301F-11D3-BF4B-00C04F79EFBC}") = "P76方法的调用", "P76方法的调用\P76方法的调用.csproj", "{22D23044-2A45-4475-99FF-AD9700A59247}"
EndProject
Global
	GlobalSection(SolutionConfigurationPlatforms) = preSolution
		Debug|Any CPU = Debug|Any CPU
		Release|Any CPU = Release|Any CPU
	EndGlobalSection
	GlobalSection(ProjectConfigurationPlatforms) = postSolution
		{454F8681-6C84-4CCC-90A6-D41598461ACE}.Debug|Any CPU.ActiveCfg = Debug|Any CPU
		{454F8681-6C84-4CCC-90A6-D41598461ACE}.Debug|Any CPU.Build.0 = Debug|Any CPU
		{454F8681-6C84-4CCC-90A6-D41598461ACE}.Release|Any CPU.ActiveCfg = Release|Any CPU
		{454F8681-6C84-4CCC-90A6-D41598461ACE}.Release|Any CPU.Build.0 = Release|Any CPU
		{C57237F4-7148-4D1B-BD4F-23FA0C127F45}.Debug|Any CPU.ActiveCfg = Debug|Any CPU
		{C57237F4-7148-4D1B-BD4F-23FA0C127F45}.Debug|Any CPU.Build.0 = Debug|Any CPU
		{C57237F4-7148-4D1B-BD4F-23FA0C127F45}.Release|Any CPU.ActiveCfg = Release|Any CPU
		{C57237F4-7148-4D1B-BD4F-23FA0C127F45}.Release|Any CPU.Build.0 = Release|Any CPU
		{8B8D06DB-20A6-4B34-97B9-0753C7E61D34}.Debug|Any CPU.ActiveCfg = Debug|Any CPU
		{8B8D06DB-20A6-4B34-97B9-0753C7E61D34}.Debug|Any CPU.Build.0 = Debug|Any CPU
		{8B8D06DB-20A6-4B34-97B9-0753C7E61D34}.Release|Any CPU.ActiveCfg = Release|Any CPU
		{8B8D06DB-20A6-4B34-97B9-0753C7E61D34}.Release|Any CPU.Build.0 = Release|Any CPU
		{504A936E-4732-452A-BFA2-6829A57AAB5B}.Debug|Any CPU.ActiveCfg = Debug|Any CPU
		{504A936E-4732-452A-BFA2-6829A57AAB5B}.Debug|Any CPU.Build.0 = Debug|Any CPU
		{504A936E-4732-452A-BFA2-6829A57AAB5B}.Release|Any CPU.ActiveCfg = Release|Any CPU
		{504A936E-4732-452A-BFA2-6829A57AAB5B}.Release|Any CPU.Build.0 = Release|Any CPU
		{348312A2-A841-44E7-8CD3-3CA66B1449A8}.Debug|Any CPU.ActiveCfg = Debug|Any CPU
		{348312A2-A841-44E7-8CD3-3CA66B1449A8}.Debug|Any CPU.Build.0 = Debug|Any CPU
		{348312A2-A841-44E7-8CD3-3CA66B1449A8}.Release|Any CPU.ActiveCfg = Release|Any CPU
		{348312A2-A841-44E7-8CD3-3CA66B1449A8}.Release|Any CPU.Build.0 = Release|Any CPU
		{131F6EFF-8601-4ACA-9C97-D839FAB680F2}.Debug|Any CPU.ActiveCfg = Debug|Any CPU
		{131F6EFF-8601-4ACA-9C97-D839FAB680F2}.Debug|Any CPU.Build.0 = Debug|Any CPU
		{131F6EFF-8601-4ACA-9C97-D839FAB680F2}.Release|Any CPU.ActiveCfg = Release|Any CPU
		{131F6EFF-8601-4ACA-9C97-D839FAB680F2}.Release|Any CPU.Build.0 = Release|Any CPU
		{1C2E4216-C960-4597-B4E5-6ABCFB12B9C1}.Debug|Any CPU.ActiveCfg = Debug|Any CPU
		{1C2E4216-C960-4597-B4E5-6ABCFB12B9C1}.Debug|Any CPU.Build.0 = Debug|Any CPU
		{1C2E4216-C960-4597-B4E5-6ABCFB12B9C1}.Release|Any CPU.ActiveCfg = Release|Any CPU
		{1C2E4216-C960-4597-B4E5-6ABCFB12B9C1}.Release|Any CPU.Build.0 = Release|Any CPU
		{8E0C3FA5-55B8-4AD8-933C-7824D43C0780}.Debug|Any CPU.ActiveCfg = Debug|Any CPU
		{8E0C3FA5-55B8-4AD8-933C-7824D43C0780}.Debug|Any CPU.Build.0 = Debug|Any CPU
		{8E0C3FA5-55B8-4AD8-933C-7824D43C0780}.Release|Any CPU.ActiveCfg = Release|Any CPU
		{8E0C3FA5-55B8-4AD8-933C-7824D43C0780}.Release|Any CPU.Build.0 = Release|Any CPU
		{0773A8E5-77C7-4A79-9A71-E07DCADDEDB9}.Debug|Any CPU.ActiveCfg = Debug|Any CPU
		{0773A8E5-77C7-4A79-9A71-E07DCADDEDB9}.Debug|Any CPU.Build.0 = Debug|Any CPU
		{0773A8E5-77C7-4A79-9A71-E07DCADDEDB9}.Release|Any CPU.ActiveCfg = Release|Any CPU
		{0773A8E5-77C7-4A79-9A71-E07DCADDEDB9}.Release|Any CPU.Build.0 = Release|Any CPU
		{83F054C7-135E-407E-9AB9-A319F2CC06F9}.Debug|Any CPU.ActiveCfg = Debug|Any CPU
		{83F054C7-135E-407E-9AB9-A319F2CC06F9}.Debug|Any CPU.Build.0 = Debug|Any CPU
		{83F054C7-135E-407E-9AB9-A319F2CC06F9}.Release|Any CPU.ActiveCfg = Release|Any CPU
		{83F054C7-135E-407E-9AB9-A319F2CC06F9}.Release|Any CPU.Build.0 = Release|Any CPU
		{AD3A320E-E46C-4019-B757-E96B0FA07702}.Debug|Any CPU.ActiveCfg = Debug|Any CPU
		{AD3A320E-E46C-4019-B757-E96B0FA07702}.Debug|Any CPU.Build.0 = Debug|Any CPU
		{AD3A320E-E46C-4019-B757-E96B0FA07702}.Release|Any CPU.ActiveCfg = Release|Any CPU
		{AD3A320E-E46C-4019-B757-E96B0FA07702}.Release|Any CPU.Build.0 = Release|Any CPU
		{DABAAD78-537B-4F89-946D-4E31AC9BBF22}.Debug|Any CPU.ActiveCfg = Debug|Any CPU
		{DABAAD78-537B-4F89-946D-4E31AC9BBF22}.Debug|Any CPU.Build.0 = Debug|Any CPU
		{DABAAD78-537B-4F89-946D-4E31AC9BBF22}.Release|Any CPU.ActiveCfg = Release|Any CPU
		{DABAAD78-537B-4F89-946D-4E31AC9BBF22}.Release|Any CPU.Build.0 = Release|Any CPU
		{C282CB64-36B5-4076-B67E-B30572E58D7B}.Debug|Any CPU.ActiveCfg = Debug|Any CPU
		{C282CB64-36B5-4076-B67E-B30572E58D7B}.Debug|Any CPU.Build.0 = Debug|Any CPU
		{C282CB64-36B5-4076-B67E-B30572E58D7B}.Release|Any CPU.ActiveCfg = Release|Any CPU
		{C282CB64-36B5-4076-B67E-B30572E58D7B}.Release|Any CPU.Build.0 = Release|Any CPU
		{BDF260A4-E51C-4740-9CB2-4102B0E54692}.Debug|Any CPU.ActiveCfg = Debug|Any CPU
		{BDF260A4-E51C-4740-9CB2-4102B0E54692}.Debug|Any CPU.Build.0 = Debug|Any CPU
		{BDF260A4-E51C-4740-9CB2-4102B0E54692}.Release|Any CPU.ActiveCfg = Release|Any CPU
		{BDF260A4-E51C-4740-9CB2-4102B0E54692}.Release|Any CPU.Build.0 = Release|Any CPU
		{01564960-516B-4252-AAD8-2952938A2160}.Debug|Any CPU.ActiveCfg = Debug|Any CPU
		{01564960-516B-4252-AAD8-2952938A2160}.Debug|Any CPU.Build.0 = Debug|Any CPU
		{01564960-516B-4252-AAD8-2952938A2160}.Release|Any CPU.ActiveCfg = Release|Any CPU
		{01564960-516B-4252-AAD8-2952938A2160}.Release|Any CPU.Build.0 = Release|Any CPU
		{06D978D3-D7AC-4615-8CD4-BCA19AF80B40}.Debug|Any CPU.ActiveCfg = Debug|Any CPU
		{06D978D3-D7AC-4615-8CD4-BCA19AF80B40}.Debug|Any CPU.Build.0 = Debug|Any CPU
		{06D978D3-D7AC-4615-8CD4-BCA19AF80B40}.Release|Any CPU.ActiveCfg = Release|Any CPU
		{06D978D3-D7AC-4615-8CD4-BCA19AF80B40}.Release|Any CPU.Build.0 = Release|Any CPU
		{252FD8E2-74EA-455F-A6B9-6E06840F4A2B}.Debug|Any CPU.ActiveCfg = Debug|Any CPU
		{252FD8E2-74EA-455F-A6B9-6E06840F4A2B}.Debug|Any CPU.Build.0 = Debug|Any CPU
		{252FD8E2-74EA-455F-A6B9-6E06840F4A2B}.Release|Any CPU.ActiveCfg = Release|Any CPU
		{252FD8E2-74EA-455F-A6B9-6E06840F4A2B}.Release|Any CPU.Build.0 = Release|Any CPU
		{0DF02FBA-6AEB-4B1C-9B56-289B5E56AED3}.Debug|Any CPU.ActiveCfg = Debug|Any CPU
		{0DF02FBA-6AEB-4B1C-9B56-289B5E56AED3}.Debug|Any CPU.Build.0 = Debug|Any CPU
		{0DF02FBA-6AEB-4B1C-9B56-289B5E56AED3}.Release|Any CPU.ActiveCfg = Release|Any CPU
		{0DF02FBA-6AEB-4B1C-9B56-289B5E56AED3}.Release|Any CPU.Build.0 = Release|Any CPU
		{EC3FBF55-7A5F-4C6F-81DC-8F051FD0E049}.Debug|Any CPU.ActiveCfg = Debug|Any CPU
		{EC3FBF55-7A5F-4C6F-81DC-8F051FD0E049}.Debug|Any CPU.Build.0 = Debug|Any CPU
		{EC3FBF55-7A5F-4C6F-81DC-8F051FD0E049}.Release|Any CPU.ActiveCfg = Release|Any CPU
		{EC3FBF55-7A5F-4C6F-81DC-8F051FD0E049}.Release|Any CPU.Build.0 = Release|Any CPU
		{7409C58E-40AA-489D-9DF1-48DB98F53024}.Debug|Any CPU.ActiveCfg = Debug|Any CPU
		{7409C58E-40AA-489D-9DF1-48DB98F53024}.Debug|Any CPU.Build.0 = Debug|Any CPU
		{7409C58E-40AA-489D-9DF1-48DB98F53024}.Release|Any CPU.ActiveCfg = Release|Any CPU
		{7409C58E-40AA-489D-9DF1-48DB98F53024}.Release|Any CPU.Build.0 = Release|Any CPU
		{22D23044-2A45-4475-99FF-AD9700A59247}.Debug|Any CPU.ActiveCfg = Debug|Any CPU
		{22D23044-2A45-4475-99FF-AD9700A59247}.Debug|Any CPU.Build.0 = Debug|Any CPU
		{22D23044-2A45-4475-99FF-AD9700A59247}.Release|Any CPU.ActiveCfg = Release|Any CPU
		{22D23044-2A45-4475-99FF-AD9700A59247}.Release|Any CPU.Build.0 = Release|Any CPU
	EndGlobalSection
	GlobalSection(SolutionProperties) = preSolution
		HideSolutionNode = FALSE
	EndGlobalSection
	GlobalSection(ExtensibilityGlobals) = postSolution
		SolutionGuid = {FC327F7A-0AA8-499F-960B-10264D0ADC6A}
	EndGlobalSection
EndGlobal
